<?xml version="1.0" encoding="utf-8"?>
<Project ToolsVersion="4.0" xmlns="http://schemas.microsoft.com/developer/msbuild/2003">
  <ItemGroup>
    <Filter Include="Source Files">
      <UniqueIdentifier>{4FC737F1-C7A5-4376-A066-2A32D752A2FF}</UniqueIdentifier>
      <Extensions>cpp;c;cc;cxx;def;odl;idl;hpj;bat;asm;asmx</Extensions>
    </Filter>
    <Filter Include="Header Files">
      <UniqueIdentifier>{93995380-89BD-4b04-88EB-625FBE52EBFB}</UniqueIdentifier>
      <Extensions>h;hh;hpp;hxx;hm;inl;inc;ipp;xsd</Extensions>
    </Filter>
    <Filter Include="Resource Files">
      <UniqueIdentifier>{67DA6AB6-F800-4c08-8B7A-83BB121AAD01}</UniqueIdentifier>
      <Extensions>rc;ico;cur;bmp;dlg;rc2;rct;bin;rgs;gif;jpg;jpeg;jpe;resx;tiff;tif;png;wav;mfcribbon-ms</Extensions>
    </Filter>
  </ItemGroup>
  <ItemGroup>
    <ClCompile Include="CodeTest.cpp">
      <Filter>Source Files</Filter>
    </ClCompile>
    <ClCompile Include="Babbling1\Babbling.cpp">
      <Filter>Source Files</Filter>
    </ClCompile>
    <ClCompile Include="CutString\CutString.cpp">
      <Filter>Source Files</Filter>
    </ClCompile>
    <ClCompile Include="LittleString\LittleString.cpp">
      <Filter>Source Files</Filter>
    </ClCompile>
    <ClCompile Include="NextValue\NextValue.cpp">
      <Filter>Source Files</Filter>
    </ClCompile>
    <ClCompile Include="PCCE\DataAnalyze\DataAnalyze.cpp">
      <Filter>Source Files</Filter>
    </ClCompile>
    <ClCompile Include="PCCE\NeighborColor\NeighborColor.cpp">
      <Filter>Source Files</Filter>
    </ClCompile>
    <ClCompile Include="ShiftString\ShiftString.cpp">
      <Filter>Source Files</Filter>
    </ClCompile>
    <ClCompile Include="SumOfContinues\SumOfContinues.cpp">
      <Filter>Source Files</Filter>
    </ClCompile>
    <ClCompile Include="TestPractice\ReverseString.cpp">
      <Filter>Source Files</Filter>
    </ClCompile>
    <ClCompile Include="ReverseLinkedNode.cpp">
      <Filter>Source Files</Filter>
    </ClCompile>
    <ClCompile Include="SearchOneBit.cpp">
      <Filter>Source Files</Filter>
    </ClCompile>
  </ItemGroup>
  <ItemGroup>
    <ClInclude Include="Babbling1\Babbling.h">
      <Filter>Header Files</Filter>
    </ClInclude>
    <ClInclude Include="CutString\CutString.h">
      <Filter>Header Files</Filter>
    </ClInclude>
    <ClInclude Include="LittleString\LittleString.h">
      <Filter>Header Files</Filter>
    </ClInclude>
    <ClInclude Include="NextValue\NextValue.h">
      <Filter>Header Files</Filter>
    </ClInclude>
    <ClInclude Include="PCCE\DataAnalyze\DataAnalyze.h">
      <Filter>Header Files</Filter>
    </ClInclude>
    <ClInclude Include="PCCE\NeighborColor\NeighborColor.h">
      <Filter>Header Files</Filter>
    </ClInclude>
    <ClInclude Include="ShiftString\ShiftString.h">
      <Filter>Header Files</Filter>
    </ClInclude>
    <ClInclude Include="SumOfContinues\SumOfContinues.h">
      <Filter>Header Files</Filter>
    </ClInclude>
    <ClInclude Include="TestPractice\ReverseString.h">
      <Filter>Header Files</Filter>
    </ClInclude>
    <ClInclude Include="ReverseLinkedNode.h">
      <Filter>Header Files</Filter>
    </ClInclude>
    <ClInclude Include="SearchOneBit.h">
      <Filter>Header Files</Filter>
    </ClInclude>
  </ItemGroup>
</Project>